
Microsoft Visual Studio Solution File, Format Version 12.00
Project("{FAE04EC0-301F-11D3-BF4B-00C04F79EFBC}") = "QuietPlaceWebProject", "QuietPlaceWebProject\QuietPlaceWebProject.csproj", "{CF6DEDBF-9EED-4DA7-A7E8-92C5D9DF810B}"
EndProject
Global
	GlobalSection(SolutionConfigurationPlatforms) = preSolution
		Debug|Any CPU = Debug|Any CPU
		Release|Any CPU = Release|Any CPU
	EndGlobalSection
	GlobalSection(ProjectConfigurationPlatforms) = postSolution
		{CF6DEDBF-9EED-4DA7-A7E8-92C5D9DF810B}.Debug|Any CPU.ActiveCfg = Debug|Any CPU
		{CF6DEDBF-9EED-4DA7-A7E8-92C5D9DF810B}.Debug|Any CPU.Build.0 = Debug|Any CPU
		{CF6DEDBF-9EED-4DA7-A7E8-92C5D9DF810B}.Release|Any CPU.ActiveCfg = Release|Any CPU
		{CF6DEDBF-9EED-4DA7-A7E8-92C5D9DF810B}.Release|Any CPU.Build.0 = Release|Any CPU
	EndGlobalSection
EndGlobal
